
Microsoft Visual Studio Solution File, Format Version 12.00
# Visual Studio Version 17
VisualStudioVersion = 17.6.33723.286
MinimumVisualStudioVersion = 10.0.40219.1
Project("{FAE04EC0-301F-11D3-BF4B-00C04F79EFBC}") = "AlphabetButtons", "AlphabetButtons\AlphabetButtons.csproj", "{057C96A7-6DEF-4876-9236-9FBFCD7A8DB5}"
EndProject
Project("{FAE04EC0-301F-11D3-BF4B-00C04F79EFBC}") = "DiagramGanta", "DiagramGanta\DiagramGanta.csproj", "{D85ABA2D-DA69-4401-85C6-5DCF6D226EA7}"
EndProject
Project("{FAE04EC0-301F-11D3-BF4B-00C04F79EFBC}") = "GenerateTable", "GenerateTable\GenerateTable.csproj", "{2E56D6C5-EBE2-42AA-A8EA-39065867B376}"
EndProject
Global
	GlobalSection(SolutionConfigurationPlatforms) = preSolution
		Debug|Any CPU = Debug|Any CPU
		Release|Any CPU = Release|Any CPU
	EndGlobalSection
	GlobalSection(ProjectConfigurationPlatforms) = postSolution
		{057C96A7-6DEF-4876-9236-9FBFCD7A8DB5}.Debug|Any CPU.ActiveCfg = Debug|Any CPU
		{057C96A7-6DEF-4876-9236-9FBFCD7A8DB5}.Debug|Any CPU.Build.0 = Debug|Any CPU
		{057C96A7-6DEF-4876-9236-9FBFCD7A8DB5}.Release|Any CPU.ActiveCfg = Release|Any CPU
		{057C96A7-6DEF-4876-9236-9FBFCD7A8DB5}.Release|Any CPU.Build.0 = Release|Any CPU
		{D85ABA2D-DA69-4401-85C6-5DCF6D226EA7}.Debug|Any CPU.ActiveCfg = Debug|Any CPU
		{D85ABA2D-DA69-4401-85C6-5DCF6D226EA7}.Debug|Any CPU.Build.0 = Debug|Any CPU
		{D85ABA2D-DA69-4401-85C6-5DCF6D226EA7}.Release|Any CPU.ActiveCfg = Release|Any CPU
		{D85ABA2D-DA69-4401-85C6-5DCF6D226EA7}.Release|Any CPU.Build.0 = Release|Any CPU
		{2E56D6C5-EBE2-42AA-A8EA-39065867B376}.Debug|Any CPU.ActiveCfg = Debug|Any CPU
		{2E56D6C5-EBE2-42AA-A8EA-39065867B376}.Debug|Any CPU.Build.0 = Debug|Any CPU
		{2E56D6C5-EBE2-42AA-A8EA-39065867B376}.Release|Any CPU.ActiveCfg = Release|Any CPU
		{2E56D6C5-EBE2-42AA-A8EA-39065867B376}.Release|Any CPU.Build.0 = Release|Any CPU
	EndGlobalSection
	GlobalSection(SolutionProperties) = preSolution
		HideSolutionNode = FALSE
	EndGlobalSection
	GlobalSection(ExtensibilityGlobals) = postSolution
		SolutionGuid = {14A16798-F225-46B0-8046-B469F774C025}
	EndGlobalSection
EndGlobal
